
Microsoft Visual Studio Solution File, Format Version 12.00
# Visual Studio Version 16
VisualStudioVersion = 16.0.31321.278
MinimumVisualStudioVersion = 10.0.40219.1
Project("{FAE04EC0-301F-11D3-BF4B-00C04F79EFBC}") = "Lab.5", "Lab.5.csproj", "{7A07DD29-842F-4D2E-8ECC-FCCF2D64D295}"
EndProject
Global
	GlobalSection(SolutionConfigurationPlatforms) = preSolution
		Debug|Any CPU = Debug|Any CPU
		Release|Any CPU = Release|Any CPU
	EndGlobalSection
	GlobalSection(ProjectConfigurationPlatforms) = postSolution
		{7A07DD29-842F-4D2E-8ECC-FCCF2D64D295}.Debug|Any CPU.ActiveCfg = Debug|Any CPU
		{7A07DD29-842F-4D2E-8ECC-FCCF2D64D295}.Debug|Any CPU.Build.0 = Debug|Any CPU
		{7A07DD29-842F-4D2E-8ECC-FCCF2D64D295}.Release|Any CPU.ActiveCfg = Release|Any CPU
		{7A07DD29-842F-4D2E-8ECC-FCCF2D64D295}.Release|Any CPU.Build.0 = Release|Any CPU
	EndGlobalSection
	GlobalSection(SolutionProperties) = preSolution
		HideSolutionNode = FALSE
	EndGlobalSection
	GlobalSection(ExtensibilityGlobals) = postSolution
		SolutionGuid = {9BCDA592-0FE1-44A1-BCFF-A6B007D8D370}
	EndGlobalSection
EndGlobal
