
Microsoft Visual Studio Solution File, Format Version 12.00
# Visual Studio Version 16
VisualStudioVersion = 16.0.31321.278
MinimumVisualStudioVersion = 10.0.40219.1
Project("{FAE04EC0-301F-11D3-BF4B-00C04F79EFBC}") = "Lab.5 - Zadanie", "Lab.5 - Zadanie.csproj", "{924D8300-343C-4F6B-B7B7-E5B5A1082B95}"
EndProject
Global
	GlobalSection(SolutionConfigurationPlatforms) = preSolution
		Debug|Any CPU = Debug|Any CPU
		Release|Any CPU = Release|Any CPU
	EndGlobalSection
	GlobalSection(ProjectConfigurationPlatforms) = postSolution
		{924D8300-343C-4F6B-B7B7-E5B5A1082B95}.Debug|Any CPU.ActiveCfg = Debug|Any CPU
		{924D8300-343C-4F6B-B7B7-E5B5A1082B95}.Debug|Any CPU.Build.0 = Debug|Any CPU
		{924D8300-343C-4F6B-B7B7-E5B5A1082B95}.Release|Any CPU.ActiveCfg = Release|Any CPU
		{924D8300-343C-4F6B-B7B7-E5B5A1082B95}.Release|Any CPU.Build.0 = Release|Any CPU
	EndGlobalSection
	GlobalSection(SolutionProperties) = preSolution
		HideSolutionNode = FALSE
	EndGlobalSection
	GlobalSection(ExtensibilityGlobals) = postSolution
		SolutionGuid = {BDAECEEA-8D3A-449C-8DE0-BAA72ADAFBB7}
	EndGlobalSection
EndGlobal
